
Microsoft Visual Studio Solution File, Format Version 12.00
# Visual Studio Version 16
VisualStudioVersion = 16.0.31911.196
MinimumVisualStudioVersion = 10.0.40219.1
Project("{888888A0-9F3D-457C-B088-3A5042F75D52}") = "Switch-source-template", "Switch-source-template.pyproj", "{EDCB26FB-6047-4F67-9433-02335268DFB4}"
EndProject
Global
	GlobalSection(SolutionConfigurationPlatforms) = preSolution
		Debug|Any CPU = Debug|Any CPU
		Release|Any CPU = Release|Any CPU
	EndGlobalSection
	GlobalSection(ProjectConfigurationPlatforms) = postSolution
		{EDCB26FB-6047-4F67-9433-02335268DFB4}.Debug|Any CPU.ActiveCfg = Debug|Any CPU
		{EDCB26FB-6047-4F67-9433-02335268DFB4}.Release|Any CPU.ActiveCfg = Release|Any CPU
	EndGlobalSection
	GlobalSection(SolutionProperties) = preSolution
		HideSolutionNode = FALSE
	EndGlobalSection
	GlobalSection(ExtensibilityGlobals) = postSolution
		SolutionGuid = {EE4991E9-CCF2-449F-9EAD-9C0EA099D724}
	EndGlobalSection
EndGlobal
